
Microsoft Visual Studio Solution File, Format Version 12.00
# Visual Studio Version 17
VisualStudioVersion = 17.6.33801.468
MinimumVisualStudioVersion = 10.0.40219.1
Project("{FAE04EC0-301F-11D3-BF4B-00C04F79EFBC}") = "WebApiHw2", "WebApiHw2\WebApiHw2.csproj", "{64602F4C-9582-4B11-8185-117DDEAE22EE}"
EndProject
Global
	GlobalSection(SolutionConfigurationPlatforms) = preSolution
		Debug|Any CPU = Debug|Any CPU
		Release|Any CPU = Release|Any CPU
	EndGlobalSection
	GlobalSection(ProjectConfigurationPlatforms) = postSolution
		{64602F4C-9582-4B11-8185-117DDEAE22EE}.Debug|Any CPU.ActiveCfg = Debug|Any CPU
		{64602F4C-9582-4B11-8185-117DDEAE22EE}.Debug|Any CPU.Build.0 = Debug|Any CPU
		{64602F4C-9582-4B11-8185-117DDEAE22EE}.Release|Any CPU.ActiveCfg = Release|Any CPU
		{64602F4C-9582-4B11-8185-117DDEAE22EE}.Release|Any CPU.Build.0 = Release|Any CPU
	EndGlobalSection
	GlobalSection(SolutionProperties) = preSolution
		HideSolutionNode = FALSE
	EndGlobalSection
	GlobalSection(ExtensibilityGlobals) = postSolution
		SolutionGuid = {4BA74383-DDBD-43AB-ACB2-6DA8A83A4E90}
	EndGlobalSection
EndGlobal
